
Microsoft Visual Studio Solution File, Format Version 12.00
Project("{FAE04EC0-301F-11D3-BF4B-00C04F79EFBC}") = "EShop.AdminGateway", "..\..\EShop.AdminGateway\src\EShop.AdminGateway\EShop.AdminGateway.csproj", "{B84ED710-62E3-4930-A550-0A65DE755F23}"
EndProject
Project("{2150E333-8FDC-42A3-9474-1A3956D46DE8}") = "Gateway", "Gateway", "{BEFA3AEF-471E-4BC8-9C17-14C9F3ECBDE5}"
EndProject
Project("{FAE04EC0-301F-11D3-BF4B-00C04F79EFBC}") = "EShop.APIGateway", "..\..\EShop.APIGateway\src\EShop.APIGateway\EShop.APIGateway.csproj", "{AD459F72-70D5-4C2E-90D0-C37E69CE022A}"
EndProject
Project("{2150E333-8FDC-42A3-9474-1A3956D46DE8}") = "Auth", "Auth", "{9C1F0AD0-2FA0-4650-8E80-48465D151F7A}"
EndProject
Project("{FAE04EC0-301F-11D3-BF4B-00C04F79EFBC}") = "EShop.Auth.Core", "..\..\EShop.Auth\src\EShop.Auth.Core\EShop.Auth.Core.csproj", "{F00508A6-C7A9-47A6-A880-86FD2759D741}"
EndProject
Project("{FAE04EC0-301F-11D3-BF4B-00C04F79EFBC}") = "EShop.Auth.Application", "..\..\EShop.Auth\src\EShopAuth.Application\EShop.Auth.Application.csproj", "{40B998C6-CB57-4F7A-AC9B-6B6779C0F381}"
EndProject
Project("{FAE04EC0-301F-11D3-BF4B-00C04F79EFBC}") = "EShop.Auth.Infrastructure", "..\..\EShop.Auth\src\EShop.Auth.Infrastructure\EShop.Auth.Infrastructure.csproj", "{CD361A93-7AAB-40A7-9C67-363E500464DE}"
EndProject
Project("{FAE04EC0-301F-11D3-BF4B-00C04F79EFBC}") = "EShop.Auth.Api", "..\..\EShop.Auth\src\EShop.Auth.Api\EShop.Auth.Api.csproj", "{BE81F2CF-99E8-4D04-85D9-F5EDBF6CD4DE}"
EndProject
Project("{2150E333-8FDC-42A3-9474-1A3956D46DE8}") = "Stock", "Stock", "{3D2C2CBE-991C-46E0-86C3-550FA469C7AC}"
EndProject
Project("{FAE04EC0-301F-11D3-BF4B-00C04F79EFBC}") = "EShop.Stock.Core", "..\..\EShop.Stock\src\EShop.Stock.Core\EShop.Stock.Core.csproj", "{A355B7F8-30D9-4DDA-9D41-66103AC1805C}"
EndProject
Project("{FAE04EC0-301F-11D3-BF4B-00C04F79EFBC}") = "EShop.Stock.Application", "..\..\EShop.Stock\src\EShop.Stock.Application\EShop.Stock.Application.csproj", "{BE2668A6-9A1A-451E-9BE6-9384487BFED7}"
EndProject
Project("{FAE04EC0-301F-11D3-BF4B-00C04F79EFBC}") = "EShop.Stock.Infrastructure", "..\..\EShop.Stock\src\EShop.Stock.Infrastructure\EShop.Stock.Infrastructure.csproj", "{0344D7FA-08C2-4C1F-9FDB-82B81E3F764B}"
EndProject
Project("{FAE04EC0-301F-11D3-BF4B-00C04F79EFBC}") = "EShop.Stock.Api", "..\..\EShop.Stock\src\EShop.Stock.Api\EShop.Stock.Api.csproj", "{F2A89094-8FF6-4FDF-AF37-56AF69A77CB2}"
EndProject
Project("{2150E333-8FDC-42A3-9474-1A3956D46DE8}") = "Files", "Files", "{BE64B0B7-D77E-45F8-8EBB-BF8AC14FA6A7}"
EndProject
Project("{FAE04EC0-301F-11D3-BF4B-00C04F79EFBC}") = "EShop.Files.Core", "..\..\EShop.Files\src\EShop.Files.Core\EShop.Files.Core.csproj", "{4251E827-43B8-401F-924E-63001F179CCE}"
EndProject
Project("{FAE04EC0-301F-11D3-BF4B-00C04F79EFBC}") = "EShop.Files.Application", "..\..\EShop.Files\src\EShop.Files.Application\EShop.Files.Application.csproj", "{81A1B82A-6C29-4AEC-B655-92ACA8EFFE3B}"
EndProject
Project("{FAE04EC0-301F-11D3-BF4B-00C04F79EFBC}") = "EShop.Files.Infrastructure", "..\..\EShop.Files\src\EShop.Files.Infrastructure\EShop.Files.Infrastructure.csproj", "{14B0D993-FA28-45C4-A0C0-14174D68330C}"
EndProject
Project("{FAE04EC0-301F-11D3-BF4B-00C04F79EFBC}") = "EShop.Files.Api", "..\..\EShop.Files\src\EShop.Files.Api\EShop.Files.Api.csproj", "{ADA0C8AD-4C60-467A-B2CE-9D6412AF4A35}"
EndProject
Project("{2150E333-8FDC-42A3-9474-1A3956D46DE8}") = "Availiability", "Availiability", "{6C2D9FCC-572E-4627-AF7C-BD3B3D358E97}"
EndProject
Project("{FAE04EC0-301F-11D3-BF4B-00C04F79EFBC}") = "EShop.Availability.Core", "..\..\EShop.Availability\src\EShop.Availability.Core\EShop.Availability.Core.csproj", "{C2014593-B476-4EEE-87E9-67F8E1D26657}"
EndProject
Project("{FAE04EC0-301F-11D3-BF4B-00C04F79EFBC}") = "EShop.Availability.Application", "..\..\EShop.Availability\src\EShop.Availability.Application\EShop.Availability.Application.csproj", "{FC598CE6-87A8-4622-B8CC-B21DFDE8880B}"
EndProject
Project("{FAE04EC0-301F-11D3-BF4B-00C04F79EFBC}") = "EShop.Availability.Infrastructure", "..\..\EShop.Availability\src\EShop.Availability.Infrastructure\EShop.Availability.Infrastructure.csproj", "{1F41C66D-B9A9-4BC0-995F-6FABF0E2AC4A}"
EndProject
Project("{FAE04EC0-301F-11D3-BF4B-00C04F79EFBC}") = "EShop.Availability.Api", "..\..\EShop.Availability\src\EShop.Availability.Api\EShop.Availability.Api.csproj", "{BB0B617C-D2F3-42F4-B0C0-00C4527CA332}"
EndProject
Project("{2150E333-8FDC-42A3-9474-1A3956D46DE8}") = "Customers", "Customers", "{967418C3-CFE2-42A4-984D-6F602C530E3E}"
EndProject
Project("{FAE04EC0-301F-11D3-BF4B-00C04F79EFBC}") = "EShop.Customers.Core", "..\..\EShop.Customers\src\EShop.Customers.Core\EShop.Customers.Core.csproj", "{02CBB4FD-D102-4E6C-980A-14ABA8A7D1CC}"
EndProject
Project("{FAE04EC0-301F-11D3-BF4B-00C04F79EFBC}") = "EShop.Customers.Application", "..\..\EShop.Customers\src\EShop.Customers.Application\EShop.Customers.Application.csproj", "{3B4D349B-5019-4DC4-A96A-31CEA057E09C}"
EndProject
Project("{FAE04EC0-301F-11D3-BF4B-00C04F79EFBC}") = "EShop.Customers.Infrastructure", "..\..\EShop.Customers\src\EShop.Customers.Infrastructure\EShop.Customers.Infrastructure.csproj", "{F3B9FF1C-8E5B-49A8-B140-16AAF862FD3A}"
EndProject
Project("{FAE04EC0-301F-11D3-BF4B-00C04F79EFBC}") = "EShop.Customers.Api", "..\..\EShop.Customers\src\EShop.Customers.Api\EShop.Customers.Api.csproj", "{408FB0B0-9BA6-4643-ABCE-94457ED8134C}"
EndProject
Project("{2150E333-8FDC-42A3-9474-1A3956D46DE8}") = "Notification", "Notification", "{7D0F28BF-970F-43D3-8202-2D220FD27D4A}"
EndProject
Project("{FAE04EC0-301F-11D3-BF4B-00C04F79EFBC}") = "EShop.Notification.Core", "..\..\EShop.Notification\src\EShop.Notification.Core\EShop.Notification.Core.csproj", "{179FC39A-4533-47BC-A396-A50811F86AE5}"
EndProject
Project("{FAE04EC0-301F-11D3-BF4B-00C04F79EFBC}") = "EShop.Notification.Application", "..\..\EShop.Notification\src\EShop.Notification.Application\EShop.Notification.Application.csproj", "{1BA36F30-AE95-4955-BD71-7E3035AFF7A7}"
EndProject
Project("{FAE04EC0-301F-11D3-BF4B-00C04F79EFBC}") = "EShop.Notification.Infrastructure", "..\..\EShop.Notification\src\EShop.Notification.Infrastructure\EShop.Notification.Infrastructure.csproj", "{0A4DEDA6-DDAD-4F94-9921-C9C65FE27043}"
EndProject
Project("{FAE04EC0-301F-11D3-BF4B-00C04F79EFBC}") = "EShop.Notification.Api", "..\..\EShop.Notification\src\EShop.Notification.Api\EShop.Notification.Api.csproj", "{D314C8BE-D832-4271-A8B0-49B702D166A6}"
EndProject
Project("{2150E333-8FDC-42A3-9474-1A3956D46DE8}") = "Orders", "Orders", "{A87CDA0E-C832-42E3-8F46-94F9B9D08C94}"
EndProject
Project("{2150E333-8FDC-42A3-9474-1A3956D46DE8}") = "System", "System", "{D976FCB8-62F8-4A80-9539-9584F255D3D6}"
EndProject
Project("{FAE04EC0-301F-11D3-BF4B-00C04F79EFBC}") = "EShop.System.Core", "..\..\EShop.System\src\EShop.System.Core\EShop.System.Core.csproj", "{2913ADE4-9952-4DFC-B641-FB9E785CEC14}"
EndProject
Project("{FAE04EC0-301F-11D3-BF4B-00C04F79EFBC}") = "EShop.System.Application", "..\..\EShop.System\src\EShop.System.Application\EShop.System.Application.csproj", "{9D160415-81AC-42FE-958B-ED2664C4731E}"
EndProject
Project("{FAE04EC0-301F-11D3-BF4B-00C04F79EFBC}") = "EShop.System.Infrastructure", "..\..\EShop.System\src\EShop.System.Infrastructure\EShop.System.Infrastructure.csproj", "{CC4E7C40-8D66-4687-93D8-704452FDE258}"
EndProject
Project("{FAE04EC0-301F-11D3-BF4B-00C04F79EFBC}") = "EShop.System.Api", "..\..\EShop.System\src\EShop.System.Api\EShop.System.Api.csproj", "{4059CF9D-99E2-4779-A737-EC77AF261A86}"
EndProject
Project("{FAE04EC0-301F-11D3-BF4B-00C04F79EFBC}") = "EShop.Orders.Core", "..\..\EShop.Orders\src\EShop.Orders.Core\EShop.Orders.Core.csproj", "{C0D6471D-C57B-46B8-A635-0D9143D526A3}"
EndProject
Project("{FAE04EC0-301F-11D3-BF4B-00C04F79EFBC}") = "EShop.Orders.Application", "..\..\EShop.Orders\src\EShop.Orders.Application\EShop.Orders.Application.csproj", "{D7E91237-7375-4A56-931A-5C37579A13C7}"
EndProject
Project("{FAE04EC0-301F-11D3-BF4B-00C04F79EFBC}") = "EShop.Orders.Infrastructure", "..\..\EShop.Orders\src\EShop.Orders.Infrastructure\EShop.Orders.Infrastructure.csproj", "{2654A11D-DB1D-45DC-B8AC-CAC23ED8B482}"
EndProject
Project("{FAE04EC0-301F-11D3-BF4B-00C04F79EFBC}") = "EShop.Orders.Api", "..\..\EShop.Orders\src\EShop.Orders.Api\EShop.Orders.Api.csproj", "{039B33AD-EB40-417F-B27F-CDB1E5D11AE2}"
EndProject
Project("{2150E333-8FDC-42A3-9474-1A3956D46DE8}") = "Payments", "Payments", "{7FABC18B-6FAD-45CD-BC7B-DE086F8D0F32}"
EndProject
Project("{FAE04EC0-301F-11D3-BF4B-00C04F79EFBC}") = "EShop.Payments.Core", "..\..\EShop.Payments\src\EShop.Payments.Core\EShop.Payments.Core.csproj", "{DBE2FE97-6F27-4D89-AF60-A6C382286A48}"
EndProject
Project("{FAE04EC0-301F-11D3-BF4B-00C04F79EFBC}") = "EShop.Payments.Application", "..\..\EShop.Payments\src\EShop.Payments.Application\EShop.Payments.Application.csproj", "{AF0AB1E3-87F1-41C4-9AE8-2DBD8356C44D}"
EndProject
Project("{FAE04EC0-301F-11D3-BF4B-00C04F79EFBC}") = "EShop.Payments.Infrastructure", "..\..\EShop.Payments\src\EShop.Payments.Infrastructure\EShop.Payments.Infrastructure.csproj", "{C8F64859-CC17-42BE-AA15-BA38E02C5FF0}"
EndProject
Project("{FAE04EC0-301F-11D3-BF4B-00C04F79EFBC}") = "EShop.Payments.Api", "..\..\EShop.Payments\src\EShop.Payments.Api\EShop.Payments.Api.csproj", "{C77E33C6-210C-4734-AF8A-2711DB04DF96}"
EndProject
Project("{2150E333-8FDC-42A3-9474-1A3956D46DE8}") = "Shipment", "Shipment", "{AB5DEE06-22A8-4B8D-98EE-3F4568F5D2BF}"
EndProject
Project("{FAE04EC0-301F-11D3-BF4B-00C04F79EFBC}") = "EShop.Shipment.Core", "..\..\EShop.Shipment\src\EShop.Shipment.Core\EShop.Shipment.Core.csproj", "{70210BD2-65F0-419F-8CF4-9EACAAD4E659}"
EndProject
Project("{FAE04EC0-301F-11D3-BF4B-00C04F79EFBC}") = "EShop.Shipment.Application", "..\..\EShop.Shipment\src\EShop.Shipment.Application\EShop.Shipment.Application.csproj", "{F1306D56-9573-45D7-8813-E86F85C606CB}"
EndProject
Project("{FAE04EC0-301F-11D3-BF4B-00C04F79EFBC}") = "EShop.Shipment.Infrastructure", "..\..\EShop.Shipment\src\EShop.Shipment.Infrastructure\EShop.Shipment.Infrastructure.csproj", "{DD61D552-2695-4003-B408-74F1707B7581}"
EndProject
Project("{FAE04EC0-301F-11D3-BF4B-00C04F79EFBC}") = "EShop.Shipment.Api", "..\..\EShop.Shipment\src\EShop.Shipment.Api\EShop.Shipment.Api.csproj", "{2E4DBC47-A2C4-40D0-B773-736993E306DC}"
EndProject
Project("{FAE04EC0-301F-11D3-BF4B-00C04F79EFBC}") = "EShop.Webhooks", "..\..\EShop.Webhooks\src\EShop.Webhooks\EShop.Webhooks.csproj", "{9E48D7EB-6FB0-4D93-B851-A16D726C3EE6}"
EndProject
Global
	GlobalSection(SolutionConfigurationPlatforms) = preSolution
		Debug|Any CPU = Debug|Any CPU
		Release|Any CPU = Release|Any CPU
	EndGlobalSection
	GlobalSection(ProjectConfigurationPlatforms) = postSolution
		{B84ED710-62E3-4930-A550-0A65DE755F23}.Debug|Any CPU.ActiveCfg = Debug|Any CPU
		{B84ED710-62E3-4930-A550-0A65DE755F23}.Debug|Any CPU.Build.0 = Debug|Any CPU
		{B84ED710-62E3-4930-A550-0A65DE755F23}.Release|Any CPU.ActiveCfg = Release|Any CPU
		{B84ED710-62E3-4930-A550-0A65DE755F23}.Release|Any CPU.Build.0 = Release|Any CPU
		{AD459F72-70D5-4C2E-90D0-C37E69CE022A}.Debug|Any CPU.ActiveCfg = Debug|Any CPU
		{AD459F72-70D5-4C2E-90D0-C37E69CE022A}.Debug|Any CPU.Build.0 = Debug|Any CPU
		{AD459F72-70D5-4C2E-90D0-C37E69CE022A}.Release|Any CPU.ActiveCfg = Release|Any CPU
		{AD459F72-70D5-4C2E-90D0-C37E69CE022A}.Release|Any CPU.Build.0 = Release|Any CPU
		{F00508A6-C7A9-47A6-A880-86FD2759D741}.Debug|Any CPU.ActiveCfg = Debug|Any CPU
		{F00508A6-C7A9-47A6-A880-86FD2759D741}.Debug|Any CPU.Build.0 = Debug|Any CPU
		{F00508A6-C7A9-47A6-A880-86FD2759D741}.Release|Any CPU.ActiveCfg = Release|Any CPU
		{F00508A6-C7A9-47A6-A880-86FD2759D741}.Release|Any CPU.Build.0 = Release|Any CPU
		{40B998C6-CB57-4F7A-AC9B-6B6779C0F381}.Debug|Any CPU.ActiveCfg = Debug|Any CPU
		{40B998C6-CB57-4F7A-AC9B-6B6779C0F381}.Debug|Any CPU.Build.0 = Debug|Any CPU
		{40B998C6-CB57-4F7A-AC9B-6B6779C0F381}.Release|Any CPU.ActiveCfg = Release|Any CPU
		{40B998C6-CB57-4F7A-AC9B-6B6779C0F381}.Release|Any CPU.Build.0 = Release|Any CPU
		{CD361A93-7AAB-40A7-9C67-363E500464DE}.Debug|Any CPU.ActiveCfg = Debug|Any CPU
		{CD361A93-7AAB-40A7-9C67-363E500464DE}.Debug|Any CPU.Build.0 = Debug|Any CPU
		{CD361A93-7AAB-40A7-9C67-363E500464DE}.Release|Any CPU.ActiveCfg = Release|Any CPU
		{CD361A93-7AAB-40A7-9C67-363E500464DE}.Release|Any CPU.Build.0 = Release|Any CPU
		{BE81F2CF-99E8-4D04-85D9-F5EDBF6CD4DE}.Debug|Any CPU.ActiveCfg = Debug|Any CPU
		{BE81F2CF-99E8-4D04-85D9-F5EDBF6CD4DE}.Debug|Any CPU.Build.0 = Debug|Any CPU
		{BE81F2CF-99E8-4D04-85D9-F5EDBF6CD4DE}.Release|Any CPU.ActiveCfg = Release|Any CPU
		{BE81F2CF-99E8-4D04-85D9-F5EDBF6CD4DE}.Release|Any CPU.Build.0 = Release|Any CPU
		{A355B7F8-30D9-4DDA-9D41-66103AC1805C}.Debug|Any CPU.ActiveCfg = Debug|Any CPU
		{A355B7F8-30D9-4DDA-9D41-66103AC1805C}.Debug|Any CPU.Build.0 = Debug|Any CPU
		{A355B7F8-30D9-4DDA-9D41-66103AC1805C}.Release|Any CPU.ActiveCfg = Release|Any CPU
		{A355B7F8-30D9-4DDA-9D41-66103AC1805C}.Release|Any CPU.Build.0 = Release|Any CPU
		{BE2668A6-9A1A-451E-9BE6-9384487BFED7}.Debug|Any CPU.ActiveCfg = Debug|Any CPU
		{BE2668A6-9A1A-451E-9BE6-9384487BFED7}.Debug|Any CPU.Build.0 = Debug|Any CPU
		{BE2668A6-9A1A-451E-9BE6-9384487BFED7}.Release|Any CPU.ActiveCfg = Release|Any CPU
		{BE2668A6-9A1A-451E-9BE6-9384487BFED7}.Release|Any CPU.Build.0 = Release|Any CPU
		{0344D7FA-08C2-4C1F-9FDB-82B81E3F764B}.Debug|Any CPU.ActiveCfg = Debug|Any CPU
		{0344D7FA-08C2-4C1F-9FDB-82B81E3F764B}.Debug|Any CPU.Build.0 = Debug|Any CPU
		{0344D7FA-08C2-4C1F-9FDB-82B81E3F764B}.Release|Any CPU.ActiveCfg = Release|Any CPU
		{0344D7FA-08C2-4C1F-9FDB-82B81E3F764B}.Release|Any CPU.Build.0 = Release|Any CPU
		{F2A89094-8FF6-4FDF-AF37-56AF69A77CB2}.Debug|Any CPU.ActiveCfg = Debug|Any CPU
		{F2A89094-8FF6-4FDF-AF37-56AF69A77CB2}.Debug|Any CPU.Build.0 = Debug|Any CPU
		{F2A89094-8FF6-4FDF-AF37-56AF69A77CB2}.Release|Any CPU.ActiveCfg = Release|Any CPU
		{F2A89094-8FF6-4FDF-AF37-56AF69A77CB2}.Release|Any CPU.Build.0 = Release|Any CPU
		{4251E827-43B8-401F-924E-63001F179CCE}.Debug|Any CPU.ActiveCfg = Debug|Any CPU
		{4251E827-43B8-401F-924E-63001F179CCE}.Debug|Any CPU.Build.0 = Debug|Any CPU
		{4251E827-43B8-401F-924E-63001F179CCE}.Release|Any CPU.ActiveCfg = Release|Any CPU
		{4251E827-43B8-401F-924E-63001F179CCE}.Release|Any CPU.Build.0 = Release|Any CPU
		{81A1B82A-6C29-4AEC-B655-92ACA8EFFE3B}.Debug|Any CPU.ActiveCfg = Debug|Any CPU
		{81A1B82A-6C29-4AEC-B655-92ACA8EFFE3B}.Debug|Any CPU.Build.0 = Debug|Any CPU
		{81A1B82A-6C29-4AEC-B655-92ACA8EFFE3B}.Release|Any CPU.ActiveCfg = Release|Any CPU
		{81A1B82A-6C29-4AEC-B655-92ACA8EFFE3B}.Release|Any CPU.Build.0 = Release|Any CPU
		{14B0D993-FA28-45C4-A0C0-14174D68330C}.Debug|Any CPU.ActiveCfg = Debug|Any CPU
		{14B0D993-FA28-45C4-A0C0-14174D68330C}.Debug|Any CPU.Build.0 = Debug|Any CPU
		{14B0D993-FA28-45C4-A0C0-14174D68330C}.Release|Any CPU.ActiveCfg = Release|Any CPU
		{14B0D993-FA28-45C4-A0C0-14174D68330C}.Release|Any CPU.Build.0 = Release|Any CPU
		{ADA0C8AD-4C60-467A-B2CE-9D6412AF4A35}.Debug|Any CPU.ActiveCfg = Debug|Any CPU
		{ADA0C8AD-4C60-467A-B2CE-9D6412AF4A35}.Debug|Any CPU.Build.0 = Debug|Any CPU
		{ADA0C8AD-4C60-467A-B2CE-9D6412AF4A35}.Release|Any CPU.ActiveCfg = Release|Any CPU
		{ADA0C8AD-4C60-467A-B2CE-9D6412AF4A35}.Release|Any CPU.Build.0 = Release|Any CPU
		{C2014593-B476-4EEE-87E9-67F8E1D26657}.Debug|Any CPU.ActiveCfg = Debug|Any CPU
		{C2014593-B476-4EEE-87E9-67F8E1D26657}.Debug|Any CPU.Build.0 = Debug|Any CPU
		{C2014593-B476-4EEE-87E9-67F8E1D26657}.Release|Any CPU.ActiveCfg = Release|Any CPU
		{C2014593-B476-4EEE-87E9-67F8E1D26657}.Release|Any CPU.Build.0 = Release|Any CPU
		{FC598CE6-87A8-4622-B8CC-B21DFDE8880B}.Debug|Any CPU.ActiveCfg = Debug|Any CPU
		{FC598CE6-87A8-4622-B8CC-B21DFDE8880B}.Debug|Any CPU.Build.0 = Debug|Any CPU
		{FC598CE6-87A8-4622-B8CC-B21DFDE8880B}.Release|Any CPU.ActiveCfg = Release|Any CPU
		{FC598CE6-87A8-4622-B8CC-B21DFDE8880B}.Release|Any CPU.Build.0 = Release|Any CPU
		{1F41C66D-B9A9-4BC0-995F-6FABF0E2AC4A}.Debug|Any CPU.ActiveCfg = Debug|Any CPU
		{1F41C66D-B9A9-4BC0-995F-6FABF0E2AC4A}.Debug|Any CPU.Build.0 = Debug|Any CPU
		{1F41C66D-B9A9-4BC0-995F-6FABF0E2AC4A}.Release|Any CPU.ActiveCfg = Release|Any CPU
		{1F41C66D-B9A9-4BC0-995F-6FABF0E2AC4A}.Release|Any CPU.Build.0 = Release|Any CPU
		{BB0B617C-D2F3-42F4-B0C0-00C4527CA332}.Debug|Any CPU.ActiveCfg = Debug|Any CPU
		{BB0B617C-D2F3-42F4-B0C0-00C4527CA332}.Debug|Any CPU.Build.0 = Debug|Any CPU
		{BB0B617C-D2F3-42F4-B0C0-00C4527CA332}.Release|Any CPU.ActiveCfg = Release|Any CPU
		{BB0B617C-D2F3-42F4-B0C0-00C4527CA332}.Release|Any CPU.Build.0 = Release|Any CPU
		{02CBB4FD-D102-4E6C-980A-14ABA8A7D1CC}.Debug|Any CPU.ActiveCfg = Debug|Any CPU
		{02CBB4FD-D102-4E6C-980A-14ABA8A7D1CC}.Debug|Any CPU.Build.0 = Debug|Any CPU
		{02CBB4FD-D102-4E6C-980A-14ABA8A7D1CC}.Release|Any CPU.ActiveCfg = Release|Any CPU
		{02CBB4FD-D102-4E6C-980A-14ABA8A7D1CC}.Release|Any CPU.Build.0 = Release|Any CPU
		{3B4D349B-5019-4DC4-A96A-31CEA057E09C}.Debug|Any CPU.ActiveCfg = Debug|Any CPU
		{3B4D349B-5019-4DC4-A96A-31CEA057E09C}.Debug|Any CPU.Build.0 = Debug|Any CPU
		{3B4D349B-5019-4DC4-A96A-31CEA057E09C}.Release|Any CPU.ActiveCfg = Release|Any CPU
		{3B4D349B-5019-4DC4-A96A-31CEA057E09C}.Release|Any CPU.Build.0 = Release|Any CPU
		{F3B9FF1C-8E5B-49A8-B140-16AAF862FD3A}.Debug|Any CPU.ActiveCfg = Debug|Any CPU
		{F3B9FF1C-8E5B-49A8-B140-16AAF862FD3A}.Debug|Any CPU.Build.0 = Debug|Any CPU
		{F3B9FF1C-8E5B-49A8-B140-16AAF862FD3A}.Release|Any CPU.ActiveCfg = Release|Any CPU
		{F3B9FF1C-8E5B-49A8-B140-16AAF862FD3A}.Release|Any CPU.Build.0 = Release|Any CPU
		{408FB0B0-9BA6-4643-ABCE-94457ED8134C}.Debug|Any CPU.ActiveCfg = Debug|Any CPU
		{408FB0B0-9BA6-4643-ABCE-94457ED8134C}.Debug|Any CPU.Build.0 = Debug|Any CPU
		{408FB0B0-9BA6-4643-ABCE-94457ED8134C}.Release|Any CPU.ActiveCfg = Release|Any CPU
		{408FB0B0-9BA6-4643-ABCE-94457ED8134C}.Release|Any CPU.Build.0 = Release|Any CPU
		{179FC39A-4533-47BC-A396-A50811F86AE5}.Debug|Any CPU.ActiveCfg = Debug|Any CPU
		{179FC39A-4533-47BC-A396-A50811F86AE5}.Debug|Any CPU.Build.0 = Debug|Any CPU
		{179FC39A-4533-47BC-A396-A50811F86AE5}.Release|Any CPU.ActiveCfg = Release|Any CPU
		{179FC39A-4533-47BC-A396-A50811F86AE5}.Release|Any CPU.Build.0 = Release|Any CPU
		{1BA36F30-AE95-4955-BD71-7E3035AFF7A7}.Debug|Any CPU.ActiveCfg = Debug|Any CPU
		{1BA36F30-AE95-4955-BD71-7E3035AFF7A7}.Debug|Any CPU.Build.0 = Debug|Any CPU
		{1BA36F30-AE95-4955-BD71-7E3035AFF7A7}.Release|Any CPU.ActiveCfg = Release|Any CPU
		{1BA36F30-AE95-4955-BD71-7E3035AFF7A7}.Release|Any CPU.Build.0 = Release|Any CPU
		{0A4DEDA6-DDAD-4F94-9921-C9C65FE27043}.Debug|Any CPU.ActiveCfg = Debug|Any CPU
		{0A4DEDA6-DDAD-4F94-9921-C9C65FE27043}.Debug|Any CPU.Build.0 = Debug|Any CPU
		{0A4DEDA6-DDAD-4F94-9921-C9C65FE27043}.Release|Any CPU.ActiveCfg = Release|Any CPU
		{0A4DEDA6-DDAD-4F94-9921-C9C65FE27043}.Release|Any CPU.Build.0 = Release|Any CPU
		{D314C8BE-D832-4271-A8B0-49B702D166A6}.Debug|Any CPU.ActiveCfg = Debug|Any CPU
		{D314C8BE-D832-4271-A8B0-49B702D166A6}.Debug|Any CPU.Build.0 = Debug|Any CPU
		{D314C8BE-D832-4271-A8B0-49B702D166A6}.Release|Any CPU.ActiveCfg = Release|Any CPU
		{D314C8BE-D832-4271-A8B0-49B702D166A6}.Release|Any CPU.Build.0 = Release|Any CPU
		{2913ADE4-9952-4DFC-B641-FB9E785CEC14}.Debug|Any CPU.ActiveCfg = Debug|Any CPU
		{2913ADE4-9952-4DFC-B641-FB9E785CEC14}.Debug|Any CPU.Build.0 = Debug|Any CPU
		{2913ADE4-9952-4DFC-B641-FB9E785CEC14}.Release|Any CPU.ActiveCfg = Release|Any CPU
		{2913ADE4-9952-4DFC-B641-FB9E785CEC14}.Release|Any CPU.Build.0 = Release|Any CPU
		{9D160415-81AC-42FE-958B-ED2664C4731E}.Debug|Any CPU.ActiveCfg = Debug|Any CPU
		{9D160415-81AC-42FE-958B-ED2664C4731E}.Debug|Any CPU.Build.0 = Debug|Any CPU
		{9D160415-81AC-42FE-958B-ED2664C4731E}.Release|Any CPU.ActiveCfg = Release|Any CPU
		{9D160415-81AC-42FE-958B-ED2664C4731E}.Release|Any CPU.Build.0 = Release|Any CPU
		{CC4E7C40-8D66-4687-93D8-704452FDE258}.Debug|Any CPU.ActiveCfg = Debug|Any CPU
		{CC4E7C40-8D66-4687-93D8-704452FDE258}.Debug|Any CPU.Build.0 = Debug|Any CPU
		{CC4E7C40-8D66-4687-93D8-704452FDE258}.Release|Any CPU.ActiveCfg = Release|Any CPU
		{CC4E7C40-8D66-4687-93D8-704452FDE258}.Release|Any CPU.Build.0 = Release|Any CPU
		{4059CF9D-99E2-4779-A737-EC77AF261A86}.Debug|Any CPU.ActiveCfg = Debug|Any CPU
		{4059CF9D-99E2-4779-A737-EC77AF261A86}.Debug|Any CPU.Build.0 = Debug|Any CPU
		{4059CF9D-99E2-4779-A737-EC77AF261A86}.Release|Any CPU.ActiveCfg = Release|Any CPU
		{4059CF9D-99E2-4779-A737-EC77AF261A86}.Release|Any CPU.Build.0 = Release|Any CPU
		{C0D6471D-C57B-46B8-A635-0D9143D526A3}.Debug|Any CPU.ActiveCfg = Debug|Any CPU
		{C0D6471D-C57B-46B8-A635-0D9143D526A3}.Debug|Any CPU.Build.0 = Debug|Any CPU
		{C0D6471D-C57B-46B8-A635-0D9143D526A3}.Release|Any CPU.ActiveCfg = Release|Any CPU
		{C0D6471D-C57B-46B8-A635-0D9143D526A3}.Release|Any CPU.Build.0 = Release|Any CPU
		{D7E91237-7375-4A56-931A-5C37579A13C7}.Debug|Any CPU.ActiveCfg = Debug|Any CPU
		{D7E91237-7375-4A56-931A-5C37579A13C7}.Debug|Any CPU.Build.0 = Debug|Any CPU
		{D7E91237-7375-4A56-931A-5C37579A13C7}.Release|Any CPU.ActiveCfg = Release|Any CPU
		{D7E91237-7375-4A56-931A-5C37579A13C7}.Release|Any CPU.Build.0 = Release|Any CPU
		{2654A11D-DB1D-45DC-B8AC-CAC23ED8B482}.Debug|Any CPU.ActiveCfg = Debug|Any CPU
		{2654A11D-DB1D-45DC-B8AC-CAC23ED8B482}.Debug|Any CPU.Build.0 = Debug|Any CPU
		{2654A11D-DB1D-45DC-B8AC-CAC23ED8B482}.Release|Any CPU.ActiveCfg = Release|Any CPU
		{2654A11D-DB1D-45DC-B8AC-CAC23ED8B482}.Release|Any CPU.Build.0 = Release|Any CPU
		{039B33AD-EB40-417F-B27F-CDB1E5D11AE2}.Debug|Any CPU.ActiveCfg = Debug|Any CPU
		{039B33AD-EB40-417F-B27F-CDB1E5D11AE2}.Debug|Any CPU.Build.0 = Debug|Any CPU
		{039B33AD-EB40-417F-B27F-CDB1E5D11AE2}.Release|Any CPU.ActiveCfg = Release|Any CPU
		{039B33AD-EB40-417F-B27F-CDB1E5D11AE2}.Release|Any CPU.Build.0 = Release|Any CPU
		{DBE2FE97-6F27-4D89-AF60-A6C382286A48}.Debug|Any CPU.ActiveCfg = Debug|Any CPU
		{DBE2FE97-6F27-4D89-AF60-A6C382286A48}.Debug|Any CPU.Build.0 = Debug|Any CPU
		{DBE2FE97-6F27-4D89-AF60-A6C382286A48}.Release|Any CPU.ActiveCfg = Release|Any CPU
		{DBE2FE97-6F27-4D89-AF60-A6C382286A48}.Release|Any CPU.Build.0 = Release|Any CPU
		{AF0AB1E3-87F1-41C4-9AE8-2DBD8356C44D}.Debug|Any CPU.ActiveCfg = Debug|Any CPU
		{AF0AB1E3-87F1-41C4-9AE8-2DBD8356C44D}.Debug|Any CPU.Build.0 = Debug|Any CPU
		{AF0AB1E3-87F1-41C4-9AE8-2DBD8356C44D}.Release|Any CPU.ActiveCfg = Release|Any CPU
		{AF0AB1E3-87F1-41C4-9AE8-2DBD8356C44D}.Release|Any CPU.Build.0 = Release|Any CPU
		{C8F64859-CC17-42BE-AA15-BA38E02C5FF0}.Debug|Any CPU.ActiveCfg = Debug|Any CPU
		{C8F64859-CC17-42BE-AA15-BA38E02C5FF0}.Debug|Any CPU.Build.0 = Debug|Any CPU
		{C8F64859-CC17-42BE-AA15-BA38E02C5FF0}.Release|Any CPU.ActiveCfg = Release|Any CPU
		{C8F64859-CC17-42BE-AA15-BA38E02C5FF0}.Release|Any CPU.Build.0 = Release|Any CPU
		{C77E33C6-210C-4734-AF8A-2711DB04DF96}.Debug|Any CPU.ActiveCfg = Debug|Any CPU
		{C77E33C6-210C-4734-AF8A-2711DB04DF96}.Debug|Any CPU.Build.0 = Debug|Any CPU
		{C77E33C6-210C-4734-AF8A-2711DB04DF96}.Release|Any CPU.ActiveCfg = Release|Any CPU
		{C77E33C6-210C-4734-AF8A-2711DB04DF96}.Release|Any CPU.Build.0 = Release|Any CPU
		{90D8BA2A-A315-4F0F-859D-764A7814B887}.Debug|Any CPU.ActiveCfg = Debug|Any CPU
		{90D8BA2A-A315-4F0F-859D-764A7814B887}.Debug|Any CPU.Build.0 = Debug|Any CPU
		{90D8BA2A-A315-4F0F-859D-764A7814B887}.Release|Any CPU.ActiveCfg = Release|Any CPU
		{90D8BA2A-A315-4F0F-859D-764A7814B887}.Release|Any CPU.Build.0 = Release|Any CPU
		{B2D031FE-F178-4219-9722-18F2A76B22B0}.Debug|Any CPU.ActiveCfg = Debug|Any CPU
		{B2D031FE-F178-4219-9722-18F2A76B22B0}.Debug|Any CPU.Build.0 = Debug|Any CPU
		{B2D031FE-F178-4219-9722-18F2A76B22B0}.Release|Any CPU.ActiveCfg = Release|Any CPU
		{B2D031FE-F178-4219-9722-18F2A76B22B0}.Release|Any CPU.Build.0 = Release|Any CPU
		{93527868-26C4-4505-8C41-D938AD9A6E7E}.Debug|Any CPU.ActiveCfg = Debug|Any CPU
		{93527868-26C4-4505-8C41-D938AD9A6E7E}.Debug|Any CPU.Build.0 = Debug|Any CPU
		{93527868-26C4-4505-8C41-D938AD9A6E7E}.Release|Any CPU.ActiveCfg = Release|Any CPU
		{93527868-26C4-4505-8C41-D938AD9A6E7E}.Release|Any CPU.Build.0 = Release|Any CPU
		{04ACBF89-3032-452B-9BD6-EFAD4262691D}.Debug|Any CPU.ActiveCfg = Debug|Any CPU
		{04ACBF89-3032-452B-9BD6-EFAD4262691D}.Debug|Any CPU.Build.0 = Debug|Any CPU
		{04ACBF89-3032-452B-9BD6-EFAD4262691D}.Release|Any CPU.ActiveCfg = Release|Any CPU
		{04ACBF89-3032-452B-9BD6-EFAD4262691D}.Release|Any CPU.Build.0 = Release|Any CPU
		{70210BD2-65F0-419F-8CF4-9EACAAD4E659}.Debug|Any CPU.ActiveCfg = Debug|Any CPU
		{70210BD2-65F0-419F-8CF4-9EACAAD4E659}.Debug|Any CPU.Build.0 = Debug|Any CPU
		{70210BD2-65F0-419F-8CF4-9EACAAD4E659}.Release|Any CPU.ActiveCfg = Release|Any CPU
		{70210BD2-65F0-419F-8CF4-9EACAAD4E659}.Release|Any CPU.Build.0 = Release|Any CPU
		{F1306D56-9573-45D7-8813-E86F85C606CB}.Debug|Any CPU.ActiveCfg = Debug|Any CPU
		{F1306D56-9573-45D7-8813-E86F85C606CB}.Debug|Any CPU.Build.0 = Debug|Any CPU
		{F1306D56-9573-45D7-8813-E86F85C606CB}.Release|Any CPU.ActiveCfg = Release|Any CPU
		{F1306D56-9573-45D7-8813-E86F85C606CB}.Release|Any CPU.Build.0 = Release|Any CPU
		{DD61D552-2695-4003-B408-74F1707B7581}.Debug|Any CPU.ActiveCfg = Debug|Any CPU
		{DD61D552-2695-4003-B408-74F1707B7581}.Debug|Any CPU.Build.0 = Debug|Any CPU
		{DD61D552-2695-4003-B408-74F1707B7581}.Release|Any CPU.ActiveCfg = Release|Any CPU
		{DD61D552-2695-4003-B408-74F1707B7581}.Release|Any CPU.Build.0 = Release|Any CPU
		{2E4DBC47-A2C4-40D0-B773-736993E306DC}.Debug|Any CPU.ActiveCfg = Debug|Any CPU
		{2E4DBC47-A2C4-40D0-B773-736993E306DC}.Debug|Any CPU.Build.0 = Debug|Any CPU
		{2E4DBC47-A2C4-40D0-B773-736993E306DC}.Release|Any CPU.ActiveCfg = Release|Any CPU
		{2E4DBC47-A2C4-40D0-B773-736993E306DC}.Release|Any CPU.Build.0 = Release|Any CPU
		{9E48D7EB-6FB0-4D93-B851-A16D726C3EE6}.Debug|Any CPU.ActiveCfg = Debug|Any CPU
		{9E48D7EB-6FB0-4D93-B851-A16D726C3EE6}.Debug|Any CPU.Build.0 = Debug|Any CPU
		{9E48D7EB-6FB0-4D93-B851-A16D726C3EE6}.Release|Any CPU.ActiveCfg = Release|Any CPU
		{9E48D7EB-6FB0-4D93-B851-A16D726C3EE6}.Release|Any CPU.Build.0 = Release|Any CPU
	EndGlobalSection
	GlobalSection(NestedProjects) = preSolution
		{B84ED710-62E3-4930-A550-0A65DE755F23} = {BEFA3AEF-471E-4BC8-9C17-14C9F3ECBDE5}
		{AD459F72-70D5-4C2E-90D0-C37E69CE022A} = {BEFA3AEF-471E-4BC8-9C17-14C9F3ECBDE5}
		{F00508A6-C7A9-47A6-A880-86FD2759D741} = {9C1F0AD0-2FA0-4650-8E80-48465D151F7A}
		{40B998C6-CB57-4F7A-AC9B-6B6779C0F381} = {9C1F0AD0-2FA0-4650-8E80-48465D151F7A}
		{CD361A93-7AAB-40A7-9C67-363E500464DE} = {9C1F0AD0-2FA0-4650-8E80-48465D151F7A}
		{BE81F2CF-99E8-4D04-85D9-F5EDBF6CD4DE} = {9C1F0AD0-2FA0-4650-8E80-48465D151F7A}
		{A355B7F8-30D9-4DDA-9D41-66103AC1805C} = {3D2C2CBE-991C-46E0-86C3-550FA469C7AC}
		{BE2668A6-9A1A-451E-9BE6-9384487BFED7} = {3D2C2CBE-991C-46E0-86C3-550FA469C7AC}
		{0344D7FA-08C2-4C1F-9FDB-82B81E3F764B} = {3D2C2CBE-991C-46E0-86C3-550FA469C7AC}
		{F2A89094-8FF6-4FDF-AF37-56AF69A77CB2} = {3D2C2CBE-991C-46E0-86C3-550FA469C7AC}
		{4251E827-43B8-401F-924E-63001F179CCE} = {BE64B0B7-D77E-45F8-8EBB-BF8AC14FA6A7}
		{81A1B82A-6C29-4AEC-B655-92ACA8EFFE3B} = {BE64B0B7-D77E-45F8-8EBB-BF8AC14FA6A7}
		{14B0D993-FA28-45C4-A0C0-14174D68330C} = {BE64B0B7-D77E-45F8-8EBB-BF8AC14FA6A7}
		{ADA0C8AD-4C60-467A-B2CE-9D6412AF4A35} = {BE64B0B7-D77E-45F8-8EBB-BF8AC14FA6A7}
		{C2014593-B476-4EEE-87E9-67F8E1D26657} = {6C2D9FCC-572E-4627-AF7C-BD3B3D358E97}
		{FC598CE6-87A8-4622-B8CC-B21DFDE8880B} = {6C2D9FCC-572E-4627-AF7C-BD3B3D358E97}
		{1F41C66D-B9A9-4BC0-995F-6FABF0E2AC4A} = {6C2D9FCC-572E-4627-AF7C-BD3B3D358E97}
		{BB0B617C-D2F3-42F4-B0C0-00C4527CA332} = {6C2D9FCC-572E-4627-AF7C-BD3B3D358E97}
		{02CBB4FD-D102-4E6C-980A-14ABA8A7D1CC} = {967418C3-CFE2-42A4-984D-6F602C530E3E}
		{3B4D349B-5019-4DC4-A96A-31CEA057E09C} = {967418C3-CFE2-42A4-984D-6F602C530E3E}
		{F3B9FF1C-8E5B-49A8-B140-16AAF862FD3A} = {967418C3-CFE2-42A4-984D-6F602C530E3E}
		{408FB0B0-9BA6-4643-ABCE-94457ED8134C} = {967418C3-CFE2-42A4-984D-6F602C530E3E}
		{179FC39A-4533-47BC-A396-A50811F86AE5} = {7D0F28BF-970F-43D3-8202-2D220FD27D4A}
		{1BA36F30-AE95-4955-BD71-7E3035AFF7A7} = {7D0F28BF-970F-43D3-8202-2D220FD27D4A}
		{0A4DEDA6-DDAD-4F94-9921-C9C65FE27043} = {7D0F28BF-970F-43D3-8202-2D220FD27D4A}
		{D314C8BE-D832-4271-A8B0-49B702D166A6} = {7D0F28BF-970F-43D3-8202-2D220FD27D4A}
		{2913ADE4-9952-4DFC-B641-FB9E785CEC14} = {D976FCB8-62F8-4A80-9539-9584F255D3D6}
		{9D160415-81AC-42FE-958B-ED2664C4731E} = {D976FCB8-62F8-4A80-9539-9584F255D3D6}
		{CC4E7C40-8D66-4687-93D8-704452FDE258} = {D976FCB8-62F8-4A80-9539-9584F255D3D6}
		{4059CF9D-99E2-4779-A737-EC77AF261A86} = {D976FCB8-62F8-4A80-9539-9584F255D3D6}
		{C0D6471D-C57B-46B8-A635-0D9143D526A3} = {A87CDA0E-C832-42E3-8F46-94F9B9D08C94}
		{D7E91237-7375-4A56-931A-5C37579A13C7} = {A87CDA0E-C832-42E3-8F46-94F9B9D08C94}
		{2654A11D-DB1D-45DC-B8AC-CAC23ED8B482} = {A87CDA0E-C832-42E3-8F46-94F9B9D08C94}
		{039B33AD-EB40-417F-B27F-CDB1E5D11AE2} = {A87CDA0E-C832-42E3-8F46-94F9B9D08C94}
		{DBE2FE97-6F27-4D89-AF60-A6C382286A48} = {7FABC18B-6FAD-45CD-BC7B-DE086F8D0F32}
		{AF0AB1E3-87F1-41C4-9AE8-2DBD8356C44D} = {7FABC18B-6FAD-45CD-BC7B-DE086F8D0F32}
		{C8F64859-CC17-42BE-AA15-BA38E02C5FF0} = {7FABC18B-6FAD-45CD-BC7B-DE086F8D0F32}
		{C77E33C6-210C-4734-AF8A-2711DB04DF96} = {7FABC18B-6FAD-45CD-BC7B-DE086F8D0F32}
		{90D8BA2A-A315-4F0F-859D-764A7814B887} = {AB5DEE06-22A8-4B8D-98EE-3F4568F5D2BF}
		{B2D031FE-F178-4219-9722-18F2A76B22B0} = {AB5DEE06-22A8-4B8D-98EE-3F4568F5D2BF}
		{93527868-26C4-4505-8C41-D938AD9A6E7E} = {AB5DEE06-22A8-4B8D-98EE-3F4568F5D2BF}
		{04ACBF89-3032-452B-9BD6-EFAD4262691D} = {AB5DEE06-22A8-4B8D-98EE-3F4568F5D2BF}
		{70210BD2-65F0-419F-8CF4-9EACAAD4E659} = {AB5DEE06-22A8-4B8D-98EE-3F4568F5D2BF}
		{F1306D56-9573-45D7-8813-E86F85C606CB} = {AB5DEE06-22A8-4B8D-98EE-3F4568F5D2BF}
		{DD61D552-2695-4003-B408-74F1707B7581} = {AB5DEE06-22A8-4B8D-98EE-3F4568F5D2BF}
		{2E4DBC47-A2C4-40D0-B773-736993E306DC} = {AB5DEE06-22A8-4B8D-98EE-3F4568F5D2BF}
		{9E48D7EB-6FB0-4D93-B851-A16D726C3EE6} = {BEFA3AEF-471E-4BC8-9C17-14C9F3ECBDE5}
	EndGlobalSection
EndGlobal
